// !$*UTF8*$!
{
	archiveVersion = 1;
	classes = {
	};
	objectVersion = 56;
	objects = {

/* Begin PBXBuildFile section */
		24A21553A47C81AA81EC133E /* Pods_situmon.framework in Frameworks */ = {isa = PBXBuildFile; fileRef = 3D485AA4D92C5A3648C55508 /* Pods_situmon.framework */; };
		2664E6D92AE2B52A004C71BD /* UserViewModel.swift in Sources */ = {isa = PBXBuildFile; fileRef = 2664E6D82AE2B52A004C71BD /* UserViewModel.swift */; };
		2664E6DB2AE3868B004C71BD /* RoomListView.swift in Sources */ = {isa = PBXBuildFile; fileRef = 2664E6DA2AE3868B004C71BD /* RoomListView.swift */; };
		2664E6DD2AE386A3004C71BD /* RoomView.swift in Sources */ = {isa = PBXBuildFile; fileRef = 2664E6DC2AE386A3004C71BD /* RoomView.swift */; };
		2664E6E32AE6DA38004C71BD /* ContentView.swift in Sources */ = {isa = PBXBuildFile; fileRef = 2664E6E22AE6DA38004C71BD /* ContentView.swift */; };
		26ADE3502AE1883D009BDF48 /* situmonApp.swift in Sources */ = {isa = PBXBuildFile; fileRef = 26ADE34F2AE1883D009BDF48 /* situmonApp.swift */; };
		26ADE3522AE1883D009BDF48 /* UserListView.swift in Sources */ = {isa = PBXBuildFile; fileRef = 26ADE3512AE1883D009BDF48 /* UserListView.swift */; };
		26ADE3542AE1883F009BDF48 /* Assets.xcassets in Resources */ = {isa = PBXBuildFile; fileRef = 26ADE3532AE1883F009BDF48 /* Assets.xcassets */; };
		26ADE3572AE1883F009BDF48 /* Preview Assets.xcassets in Resources */ = {isa = PBXBuildFile; fileRef = 26ADE3562AE1883F009BDF48 /* Preview Assets.xcassets */; };
		26CD50F22AE6DBD5004AF702 /* SettingView.swift in Sources */ = {isa = PBXBuildFile; fileRef = 26CD50EF2AE6DBD4004AF702 /* SettingView.swift */; };
		26CD50F32AE6DBD5004AF702 /* TermsOfServiceView.swift in Sources */ = {isa = PBXBuildFile; fileRef = 26CD50F02AE6DBD5004AF702 /* TermsOfServiceView.swift */; };
		26CD50F42AE6DBD5004AF702 /* PrivacyView.swift in Sources */ = {isa = PBXBuildFile; fileRef = 26CD50F12AE6DBD5004AF702 /* PrivacyView.swift */; };
		26EBA88C2AE228AF00D43BDF /* RegisterView.swift in Sources */ = {isa = PBXBuildFile; fileRef = 26EBA88B2AE228AF00D43BDF /* RegisterView.swift */; };
		26EBA88E2AE233CE00D43BDF /* GoogleService-Info.plist in Resources */ = {isa = PBXBuildFile; fileRef = 26EBA88D2AE233CD00D43BDF /* GoogleService-Info.plist */; };
/* End PBXBuildFile section */

/* Begin PBXFileReference section */
		2664E6D82AE2B52A004C71BD /* UserViewModel.swift */ = {isa = PBXFileReference; lastKnownFileType = sourcecode.swift; path = UserViewModel.swift; sourceTree = "<group>"; };
		2664E6DA2AE3868B004C71BD /* RoomListView.swift */ = {isa = PBXFileReference; lastKnownFileType = sourcecode.swift; path = RoomListView.swift; sourceTree = "<group>"; };
		2664E6DC2AE386A3004C71BD /* RoomView.swift */ = {isa = PBXFileReference; lastKnownFileType = sourcecode.swift; path = RoomView.swift; sourceTree = "<group>"; };
		2664E6E22AE6DA38004C71BD /* ContentView.swift */ = {isa = PBXFileReference; lastKnownFileType = sourcecode.swift; path = ContentView.swift; sourceTree = "<group>"; };
		26ADE34C2AE1883D009BDF48 /* situmon.app */ = {isa = PBXFileReference; explicitFileType = wrapper.application; includeInIndex = 0; path = situmon.app; sourceTree = BUILT_PRODUCTS_DIR; };
		26ADE34F2AE1883D009BDF48 /* situmonApp.swift */ = {isa = PBXFileReference; lastKnownFileType = sourcecode.swift; path = situmonApp.swift; sourceTree = "<group>"; };
		26ADE3512AE1883D009BDF48 /* UserListView.swift */ = {isa = PBXFileReference; lastKnownFileType = sourcecode.swift; path = UserListView.swift; sourceTree = "<group>"; };
		26ADE3532AE1883F009BDF48 /* Assets.xcassets */ = {isa = PBXFileReference; lastKnownFileType = folder.assetcatalog; path = Assets.xcassets; sourceTree = "<group>"; };
		26ADE3562AE1883F009BDF48 /* Preview Assets.xcassets */ = {isa = PBXFileReference; lastKnownFileType = folder.assetcatalog; path = "Preview Assets.xcassets"; sourceTree = "<group>"; };
		26CD50EF2AE6DBD4004AF702 /* SettingView.swift */ = {isa = PBXFileReference; fileEncoding = 4; lastKnownFileType = sourcecode.swift; name = SettingView.swift; path = ../../sabusuku/sabusuku/SettingView.swift; sourceTree = "<group>"; };
		26CD50F02AE6DBD5004AF702 /* TermsOfServiceView.swift */ = {isa = PBXFileReference; fileEncoding = 4; lastKnownFileType = sourcecode.swift; name = TermsOfServiceView.swift; path = ../../sabusuku/sabusuku/TermsOfServiceView.swift; sourceTree = "<group>"; };
		26CD50F12AE6DBD5004AF702 /* PrivacyView.swift */ = {isa = PBXFileReference; fileEncoding = 4; lastKnownFileType = sourcecode.swift; name = PrivacyView.swift; path = ../../sabusuku/sabusuku/PrivacyView.swift; sourceTree = "<group>"; };
		26EBA88B2AE228AF00D43BDF /* RegisterView.swift */ = {isa = PBXFileReference; lastKnownFileType = sourcecode.swift; path = RegisterView.swift; sourceTree = "<group>"; };
		26EBA88D2AE233CD00D43BDF /* GoogleService-Info.plist */ = {isa = PBXFileReference; fileEncoding = 4; lastKnownFileType = text.plist.xml; name = "GoogleService-Info.plist"; path = "../../名称未設定フォルダ 2/GoogleService-Info.plist"; sourceTree = "<group>"; };
		3D485AA4D92C5A3648C55508 /* Pods_situmon.framework */ = {isa = PBXFileReference; explicitFileType = wrapper.framework; includeInIndex = 0; path = Pods_situmon.framework; sourceTree = BUILT_PRODUCTS_DIR; };
		60F8BE254B9D773F61F3C6DC /* Pods-situmon.release.xcconfig */ = {isa = PBXFileReference; includeInIndex = 1; lastKnownFileType = text.xcconfig; name = "Pods-situmon.release.xcconfig"; path = "Target Support Files/Pods-situmon/Pods-situmon.release.xcconfig"; sourceTree = "<group>"; };
		E213DA50B5B37628DC0CCDC9 /* Pods-situmon.debug.xcconfig */ = {isa = PBXFileReference; includeInIndex = 1; lastKnownFileType = text.xcconfig; name = "Pods-situmon.debug.xcconfig"; path = "Target Support Files/Pods-situmon/Pods-situmon.debug.xcconfig"; sourceTree = "<group>"; };
/* End PBXFileReference section */

/* Begin PBXFrameworksBuildPhase section */
		26ADE3492AE1883D009BDF48 /* Frameworks */ = {
			isa = PBXFrameworksBuildPhase;
			buildActionMask = 2147483647;
			files = (
				24A21553A47C81AA81EC133E /* Pods_situmon.framework in Frameworks */,
			);
			runOnlyForDeploymentPostprocessing = 0;
		};
/* End PBXFrameworksBuildPhase section */

/* Begin PBXGroup section */
		26ADE3432AE1883D009BDF48 = {
			isa = PBXGroup;
			children = (
				26ADE34E2AE1883D009BDF48 /* situmon */,
				26ADE34D2AE1883D009BDF48 /* Products */,
				3E5BEECAE651FCB2ED9C446E /* Pods */,
				6EB91C025B50A033B4E985C1 /* Frameworks */,
			);
			sourceTree = "<group>";
		};
		26ADE34D2AE1883D009BDF48 /* Products */ = {
			isa = PBXGroup;
			children = (
				26ADE34C2AE1883D009BDF48 /* situmon.app */,
			);
			name = Products;
			sourceTree = "<group>";
		};
		26ADE34E2AE1883D009BDF48 /* situmon */ = {
			isa = PBXGroup;
			children = (
				26ADE34F2AE1883D009BDF48 /* situmonApp.swift */,
				2664E6E22AE6DA38004C71BD /* ContentView.swift */,
				26ADE3512AE1883D009BDF48 /* UserListView.swift */,
				2664E6DA2AE3868B004C71BD /* RoomListView.swift */,
				2664E6DC2AE386A3004C71BD /* RoomView.swift */,
				26EBA88B2AE228AF00D43BDF /* RegisterView.swift */,
				2664E6D82AE2B52A004C71BD /* UserViewModel.swift */,
				26CD50F12AE6DBD5004AF702 /* PrivacyView.swift */,
				26CD50EF2AE6DBD4004AF702 /* SettingView.swift */,
				26CD50F02AE6DBD5004AF702 /* TermsOfServiceView.swift */,
				26EBA88D2AE233CD00D43BDF /* GoogleService-Info.plist */,
				26ADE3532AE1883F009BDF48 /* Assets.xcassets */,
				26ADE3552AE1883F009BDF48 /* Preview Content */,
			);
			path = situmon;
			sourceTree = "<group>";
		};
		26ADE3552AE1883F009BDF48 /* Preview Content */ = {
			isa = PBXGroup;
			children = (
				26ADE3562AE1883F009BDF48 /* Preview Assets.xcassets */,
			);
			path = "Preview Content";
			sourceTree = "<group>";
		};
		3E5BEECAE651FCB2ED9C446E /* Pods */ = {
			isa = PBXGroup;
			children = (
				E213DA50B5B37628DC0CCDC9 /* Pods-situmon.debug.xcconfig */,
				60F8BE254B9D773F61F3C6DC /* Pods-situmon.release.xcconfig */,
			);
			path = Pods;
			sourceTree = "<group>";
		};
		6EB91C025B50A033B4E985C1 /* Frameworks */ = {
			isa = PBXGroup;
			children = (
				3D485AA4D92C5A3648C55508 /* Pods_situmon.framework */,
			);
			name = Frameworks;
			sourceTree = "<group>";
		};
/* End PBXGroup section */

/* Begin PBXNativeTarget section */
		26ADE34B2AE1883D009BDF48 /* situmon */ = {
			isa = PBXNativeTarget;
			buildConfigurationList = 26ADE35A2AE1883F009BDF48 /* Build configuration list for PBXNativeTarget "situmon" */;
			buildPhases = (
				41685BBA257164525076F597 /* [CP] Check Pods Manifest.lock */,
				26ADE3482AE1883D009BDF48 /* Sources */,
				26ADE3492AE1883D009BDF48 /* Frameworks */,
				26ADE34A2AE1883D009BDF48 /* Resources */,
				4E7F19405A14EF1499EE3290 /* [CP] Embed Pods Frameworks */,
			);
			buildRules = (
			);
			dependencies = (
			);
			name = situmon;
			productName = situmon;
			productReference = 26ADE34C2AE1883D009BDF48 /* situmon.app */;
			productType = "com.apple.product-type.application";
		};
/* End PBXNativeTarget section */

/* Begin PBXProject section */
		26ADE3442AE1883D009BDF48 /* Project object */ = {
			isa = PBXProject;
			attributes = {
				BuildIndependentTargetsInParallel = 1;
				LastSwiftUpdateCheck = 1430;
				LastUpgradeCheck = 1430;
				TargetAttributes = {
					26ADE34B2AE1883D009BDF48 = {
						CreatedOnToolsVersion = 14.3;
					};
				};
			};
			buildConfigurationList = 26ADE3472AE1883D009BDF48 /* Build configuration list for PBXProject "situmon" */;
			compatibilityVersion = "Xcode 14.0";
			developmentRegion = en;
			hasScannedForEncodings = 0;
			knownRegions = (
				en,
				Base,
			);
			mainGroup = 26ADE3432AE1883D009BDF48;
			productRefGroup = 26ADE34D2AE1883D009BDF48 /* Products */;
			projectDirPath = "";
			projectRoot = "";
			targets = (
				26ADE34B2AE1883D009BDF48 /* situmon */,
			);
		};
/* End PBXProject section */

/* Begin PBXResourcesBuildPhase section */
		26ADE34A2AE1883D009BDF48 /* Resources */ = {
			isa = PBXResourcesBuildPhase;
			buildActionMask = 2147483647;
			files = (
				26ADE3572AE1883F009BDF48 /* Preview Assets.xcassets in Resources */,
				26ADE3542AE1883F009BDF48 /* Assets.xcassets in Resources */,
				26EBA88E2AE233CE00D43BDF /* GoogleService-Info.plist in Resources */,
			);
			runOnlyForDeploymentPostprocessing = 0;
		};
/* End PBXResourcesBuildPhase section */

/* Begin PBXShellScriptBuildPhase section */
		41685BBA257164525076F597 /* [CP] Check Pods Manifest.lock */ = {
			isa = PBXShellScriptBuildPhase;
			buildActionMask = 2147483647;
			files = (
			);
			inputFileListPaths = (
			);
			inputPaths = (
				"${PODS_PODFILE_DIR_PATH}/Podfile.lock",
				"${PODS_ROOT}/Manifest.lock",
			);
			name = "[CP] Check Pods Manifest.lock";
			outputFileListPaths = (
			);
			outputPaths = (
				"$(DERIVED_FILE_DIR)/Pods-situmon-checkManifestLockResult.txt",
			);
			runOnlyForDeploymentPostprocessing = 0;
			shellPath = /bin/sh;
			shellScript = "diff \"${PODS_PODFILE_DIR_PATH}/Podfile.lock\" \"${PODS_ROOT}/Manifest.lock\" > /dev/null\nif [ $? != 0 ] ; then\n    # print error to STDERR\n    echo \"error: The sandbox is not in sync with the Podfile.lock. Run 'pod install' or update your CocoaPods installation.\" >&2\n    exit 1\nfi\n# This output is used by Xcode 'outputs' to avoid re-running this script phase.\necho \"SUCCESS\" > \"${SCRIPT_OUTPUT_FILE_0}\"\n";
			showEnvVarsInLog = 0;
		};
		4E7F19405A14EF1499EE3290 /* [CP] Embed Pods Frameworks */ = {
			isa = PBXShellScriptBuildPhase;
			buildActionMask = 2147483647;
			files = (
			);
			inputFileListPaths = (
				"${PODS_ROOT}/Target Support Files/Pods-situmon/Pods-situmon-frameworks-${CONFIGURATION}-input-files.xcfilelist",
			);
			name = "[CP] Embed Pods Frameworks";
			outputFileListPaths = (
				"${PODS_ROOT}/Target Support Files/Pods-situmon/Pods-situmon-frameworks-${CONFIGURATION}-output-files.xcfilelist",
			);
			runOnlyForDeploymentPostprocessing = 0;
			shellPath = /bin/sh;
			shellScript = "\"${PODS_ROOT}/Target Support Files/Pods-situmon/Pods-situmon-frameworks.sh\"\n";
			showEnvVarsInLog = 0;
		};
/* End PBXShellScriptBuildPhase section */

/* Begin PBXSourcesBuildPhase section */
		26ADE3482AE1883D009BDF48 /* Sources */ = {
			isa = PBXSourcesBuildPhase;
			buildActionMask = 2147483647;
			files = (
				26EBA88C2AE228AF00D43BDF /* RegisterView.swift in Sources */,
				2664E6D92AE2B52A004C71BD /* UserViewModel.swift in Sources */,
				2664E6E32AE6DA38004C71BD /* ContentView.swift in Sources */,
				26ADE3522AE1883D009BDF48 /* UserListView.swift in Sources */,
				2664E6DD2AE386A3004C71BD /* RoomView.swift in Sources */,
				26CD50F22AE6DBD5004AF702 /* SettingView.swift in Sources */,
				26ADE3502AE1883D009BDF48 /* situmonApp.swift in Sources */,
				2664E6DB2AE3868B004C71BD /* RoomListView.swift in Sources */,
				26CD50F32AE6DBD5004AF702 /* TermsOfServiceView.swift in Sources */,
				26CD50F42AE6DBD5004AF702 /* PrivacyView.swift in Sources */,
			);
			runOnlyForDeploymentPostprocessing = 0;
		};
/* End PBXSourcesBuildPhase section */

/* Begin XCBuildConfiguration section */
		26ADE3582AE1883F009BDF48 /* Debug */ = {
			isa = XCBuildConfiguration;
			buildSettings = {
				ALWAYS_SEARCH_USER_PATHS = NO;
				CLANG_ANALYZER_NONNULL = YES;
				CLANG_ANALYZER_NUMBER_OBJECT_CONVERSION = YES_AGGRESSIVE;
				CLANG_CXX_LANGUAGE_STANDARD = "gnu++20";
				CLANG_ENABLE_MODULES = YES;
				CLANG_ENABLE_OBJC_ARC = YES;
				CLANG_ENABLE_OBJC_WEAK = YES;
				CLANG_WARN_BLOCK_CAPTURE_AUTORELEASING = YES;
				CLANG_WARN_BOOL_CONVERSION = YES;
				CLANG_WARN_COMMA = YES;
				CLANG_WARN_CONSTANT_CONVERSION = YES;
				CLANG_WARN_DEPRECATED_OBJC_IMPLEMENTATIONS = YES;
				CLANG_WARN_DIRECT_OBJC_ISA_USAGE = YES_ERROR;
				CLANG_WARN_DOCUMENTATION_COMMENTS = YES;
				CLANG_WARN_EMPTY_BODY = YES;
				CLANG_WARN_ENUM_CONVERSION = YES;
				CLANG_WARN_INFINITE_RECURSION = YES;
				CLANG_WARN_INT_CONVERSION = YES;
				CLANG_WARN_NON_LITERAL_NULL_CONVERSION = YES;
				CLANG_WARN_OBJC_IMPLICIT_RETAIN_SELF = YES;
				CLANG_WARN_OBJC_LITERAL_CONVERSION = YES;
				CLANG_WARN_OBJC_ROOT_CLASS = YES_ERROR;
				CLANG_WARN_QUOTED_INCLUDE_IN_FRAMEWORK_HEADER = YES;
				CLANG_WARN_RANGE_LOOP_ANALYSIS = YES;
				CLANG_WARN_STRICT_PROTOTYPES = YES;
				CLANG_WARN_SUSPICIOUS_MOVE = YES;
				CLANG_WARN_UNGUARDED_AVAILABILITY = YES_AGGRESSIVE;
				CLANG_WARN_UNREACHABLE_CODE = YES;
				CLANG_WARN__DUPLICATE_METHOD_MATCH = YES;
				COPY_PHASE_STRIP = NO;
				DEBUG_INFORMATION_FORMAT = dwarf;
				ENABLE_STRICT_OBJC_MSGSEND = YES;
				ENABLE_TESTABILITY = YES;
				GCC_C_LANGUAGE_STANDARD = gnu11;
				GCC_DYNAMIC_NO_PIC = NO;
				GCC_NO_COMMON_BLOCKS = YES;
				GCC_OPTIMIZATION_LEVEL = 0;
				GCC_PREPROCESSOR_DEFINITIONS = (
					"DEBUG=1",
					"$(inherited)",
				);
				GCC_WARN_64_TO_32_BIT_CONVERSION = YES;
				GCC_WARN_ABOUT_RETURN_TYPE = YES_ERROR;
				GCC_WARN_UNDECLARED_SELECTOR = YES;
				GCC_WARN_UNINITIALIZED_AUTOS = YES_AGGRESSIVE;
				GCC_WARN_UNUSED_FUNCTION = YES;
				GCC_WARN_UNUSED_VARIABLE = YES;
				IPHONEOS_DEPLOYMENT_TARGET = 16.4;
				MTL_ENABLE_DEBUG_INFO = INCLUDE_SOURCE;
				MTL_FAST_MATH = YES;
				ONLY_ACTIVE_ARCH = YES;
				SDKROOT = iphoneos;
				SWIFT_ACTIVE_COMPILATION_CONDITIONS = DEBUG;
				SWIFT_OPTIMIZATION_LEVEL = "-Onone";
			};
			name = Debug;
		};
		26ADE3592AE1883F009BDF48 /* Release */ = {
			isa = XCBuildConfiguration;
			buildSettings = {
				ALWAYS_SEARCH_USER_PATHS = NO;
				CLANG_ANALYZER_NONNULL = YES;
				CLANG_ANALYZER_NUMBER_OBJECT_CONVERSION = YES_AGGRESSIVE;
				CLANG_CXX_LANGUAGE_STANDARD = "gnu++20";
				CLANG_ENABLE_MODULES = YES;
				CLANG_ENABLE_OBJC_ARC = YES;
				CLANG_ENABLE_OBJC_WEAK = YES;
				CLANG_WARN_BLOCK_CAPTURE_AUTORELEASING = YES;
				CLANG_WARN_BOOL_CONVERSION = YES;
				CLANG_WARN_COMMA = YES;
				CLANG_WARN_CONSTANT_CONVERSION = YES;
				CLANG_WARN_DEPRECATED_OBJC_IMPLEMENTATIONS = YES;
				CLANG_WARN_DIRECT_OBJC_ISA_USAGE = YES_ERROR;
				CLANG_WARN_DOCUMENTATION_COMMENTS = YES;
				CLANG_WARN_EMPTY_BODY = YES;
				CLANG_WARN_ENUM_CONVERSION = YES;
				CLANG_WARN_INFINITE_RECURSION = YES;
				CLANG_WARN_INT_CONVERSION = YES;
				CLANG_WARN_NON_LITERAL_NULL_CONVERSION = YES;
				CLANG_WARN_OBJC_IMPLICIT_RETAIN_SELF = YES;
				CLANG_WARN_OBJC_LITERAL_CONVERSION = YES;
				CLANG_WARN_OBJC_ROOT_CLASS = YES_ERROR;
				CLANG_WARN_QUOTED_INCLUDE_IN_FRAMEWORK_HEADER = YES;
				CLANG_WARN_RANGE_LOOP_ANALYSIS = YES;
				CLANG_WARN_STRICT_PROTOTYPES = YES;
				CLANG_WARN_SUSPICIOUS_MOVE = YES;
				CLANG_WARN_UNGUARDED_AVAILABILITY = YES_AGGRESSIVE;
				CLANG_WARN_UNREACHABLE_CODE = YES;
				CLANG_WARN__DUPLICATE_METHOD_MATCH = YES;
				COPY_PHASE_STRIP = NO;
				DEBUG_INFORMATION_FORMAT = "dwarf-with-dsym";
				ENABLE_NS_ASSERTIONS = NO;
				ENABLE_STRICT_OBJC_MSGSEND = YES;
				GCC_C_LANGUAGE_STANDARD = gnu11;
				GCC_NO_COMMON_BLOCKS = YES;
				GCC_WARN_64_TO_32_BIT_CONVERSION = YES;
				GCC_WARN_ABOUT_RETURN_TYPE = YES_ERROR;
				GCC_WARN_UNDECLARED_SELECTOR = YES;
				GCC_WARN_UNINITIALIZED_AUTOS = YES_AGGRESSIVE;
				GCC_WARN_UNUSED_FUNCTION = YES;
				GCC_WARN_UNUSED_VARIABLE = YES;
				IPHONEOS_DEPLOYMENT_TARGET = 16.4;
				MTL_ENABLE_DEBUG_INFO = NO;
				MTL_FAST_MATH = YES;
				SDKROOT = iphoneos;
				SWIFT_COMPILATION_MODE = wholemodule;
				SWIFT_OPTIMIZATION_LEVEL = "-O";
				VALIDATE_PRODUCT = YES;
			};
			name = Release;
		};
		26ADE35B2AE1883F009BDF48 /* Debug */ = {
			isa = XCBuildConfiguration;
			baseConfigurationReference = E213DA50B5B37628DC0CCDC9 /* Pods-situmon.debug.xcconfig */;
			buildSettings = {
				ASSETCATALOG_COMPILER_APPICON_NAME = AppIcon;
				ASSETCATALOG_COMPILER_GLOBAL_ACCENT_COLOR_NAME = AccentColor;
				CODE_SIGN_STYLE = Automatic;
				CURRENT_PROJECT_VERSION = 1;
				DEVELOPMENT_ASSET_PATHS = "\"situmon/Preview Content\"";
				DEVELOPMENT_TEAM = F3XS565TSX;
				ENABLE_PREVIEWS = YES;
				GENERATE_INFOPLIST_FILE = YES;
				INFOPLIST_KEY_UIApplicationSceneManifest_Generation = YES;
				INFOPLIST_KEY_UIApplicationSupportsIndirectInputEvents = YES;
				INFOPLIST_KEY_UILaunchScreen_Generation = YES;
				INFOPLIST_KEY_UISupportedInterfaceOrientations_iPad = "UIInterfaceOrientationPortrait UIInterfaceOrientationPortraitUpsideDown UIInterfaceOrientationLandscapeLeft UIInterfaceOrientationLandscapeRight";
				INFOPLIST_KEY_UISupportedInterfaceOrientations_iPhone = "UIInterfaceOrientationPortrait UIInterfaceOrientationLandscapeLeft UIInterfaceOrientationLandscapeRight";
				LD_RUNPATH_SEARCH_PATHS = (
					"$(inherited)",
					"@executable_path/Frameworks",
				);
				MARKETING_VERSION = 1.0;
				PRODUCT_BUNDLE_IDENTIFIER = "Swift-Beginners-app.situmon";
				PRODUCT_NAME = "$(TARGET_NAME)";
				SWIFT_EMIT_LOC_STRINGS = YES;
				SWIFT_VERSION = 5.0;
				TARGETED_DEVICE_FAMILY = "1,2";
			};
			name = Debug;
		};
		26ADE35C2AE1883F009BDF48 /* Release */ = {
			isa = XCBuildConfiguration;
			baseConfigurationReference = 60F8BE254B9D773F61F3C6DC /* Pods-situmon.release.xcconfig */;
			buildSettings = {
				ASSETCATALOG_COMPILER_APPICON_NAME = AppIcon;
				ASSETCATALOG_COMPILER_GLOBAL_ACCENT_COLOR_NAME = AccentColor;
				CODE_SIGN_STYLE = Automatic;
				CURRENT_PROJECT_VERSION = 1;
				DEVELOPMENT_ASSET_PATHS = "\"situmon/Preview Content\"";
				DEVELOPMENT_TEAM = F3XS565TSX;
				ENABLE_PREVIEWS = YES;
				GENERATE_INFOPLIST_FILE = YES;
				INFOPLIST_KEY_UIApplicationSceneManifest_Generation = YES;
				INFOPLIST_KEY_UIApplicationSupportsIndirectInputEvents = YES;
				INFOPLIST_KEY_UILaunchScreen_Generation = YES;
				INFOPLIST_KEY_UISupportedInterfaceOrientations_iPad = "UIInterfaceOrientationPortrait UIInterfaceOrientationPortraitUpsideDown UIInterfaceOrientationLandscapeLeft UIInterfaceOrientationLandscapeRight";
				INFOPLIST_KEY_UISupportedInterfaceOrientations_iPhone = "UIInterfaceOrientationPortrait UIInterfaceOrientationLandscapeLeft UIInterfaceOrientationLandscapeRight";
				LD_RUNPATH_SEARCH_PATHS = (
					"$(inherited)",
					"@executable_path/Frameworks",
				);
				MARKETING_VERSION = 1.0;
				PRODUCT_BUNDLE_IDENTIFIER = "Swift-Beginners-app.situmon";
				PRODUCT_NAME = "$(TARGET_NAME)";
				SWIFT_EMIT_LOC_STRINGS = YES;
				SWIFT_VERSION = 5.0;
				TARGETED_DEVICE_FAMILY = "1,2";
			};
			name = Release;
		};
/* End XCBuildConfiguration section */

/* Begin XCConfigurationList section */
		26ADE3472AE1883D009BDF48 /* Build configuration list for PBXProject "situmon" */ = {
			isa = XCConfigurationList;
			buildConfigurations = (
				26ADE3582AE1883F009BDF48 /* Debug */,
				26ADE3592AE1883F009BDF48 /* Release */,
			);
			defaultConfigurationIsVisible = 0;
			defaultConfigurationName = Release;
		};
		26ADE35A2AE1883F009BDF48 /* Build configuration list for PBXNativeTarget "situmon" */ = {
			isa = XCConfigurationList;
			buildConfigurations = (
				26ADE35B2AE1883F009BDF48 /* Debug */,
				26ADE35C2AE1883F009BDF48 /* Release */,
			);
			defaultConfigurationIsVisible = 0;
			defaultConfigurationName = Release;
		};
/* End XCConfigurationList section */
	};
	rootObject = 26ADE3442AE1883D009BDF48 /* Project object */;
}
